// !$*UTF8*$!
{
	archiveVersion = 1;
	classes = {
	};
	objectVersion = 55;
	objects = {

/* Begin PBXBuildFile section */
		9B1C6290277494C100B73A5F /* SportsListViewController.swift in Sources */ = {isa = PBXBuildFile; fileRef = 9B1C628F277494C100B73A5F /* SportsListViewController.swift */; };
		9B1C6292277494CC00B73A5F /* InfoViewController.swift in Sources */ = {isa = PBXBuildFile; fileRef = 9B1C6291277494CC00B73A5F /* InfoViewController.swift */; };
		9B1C6294277494DA00B73A5F /* ListViewController.swift in Sources */ = {isa = PBXBuildFile; fileRef = 9B1C6293277494DA00B73A5F /* ListViewController.swift */; };
		9B1C6296277494E900B73A5F /* PopularViewController.swift in Sources */ = {isa = PBXBuildFile; fileRef = 9B1C6295277494E900B73A5F /* PopularViewController.swift */; };
		9B1C6298277494F700B73A5F /* LaunchViewController.swift in Sources */ = {isa = PBXBuildFile; fileRef = 9B1C6297277494F700B73A5F /* LaunchViewController.swift */; };
		9B1C629A2774950D00B73A5F /* SportsArray.swift in Sources */ = {isa = PBXBuildFile; fileRef = 9B1C62992774950D00B73A5F /* SportsArray.swift */; };
		9B1C629D2774951B00B73A5F /* FanGo.xcdatamodeld in Sources */ = {isa = PBXBuildFile; fileRef = 9B1C629B2774951B00B73A5F /* FanGo.xcdatamodeld */; };
		9B1C629F2774953B00B73A5F /* InfoController.swift in Sources */ = {isa = PBXBuildFile; fileRef = 9B1C629E2774953B00B73A5F /* InfoController.swift */; };
		9B1C62A12774954800B73A5F /* Coredata.swift in Sources */ = {isa = PBXBuildFile; fileRef = 9B1C62A02774954800B73A5F /* Coredata.swift */; };
		9B1C62A32774955500B73A5F /* ClientInfo.swift in Sources */ = {isa = PBXBuildFile; fileRef = 9B1C62A22774955500B73A5F /* ClientInfo.swift */; };
		9B1C62A52774958800B73A5F /* SportsRespones.swift in Sources */ = {isa = PBXBuildFile; fileRef = 9B1C62A42774958800B73A5F /* SportsRespones.swift */; };
		9B1C62A72774959700B73A5F /* Catch.swift in Sources */ = {isa = PBXBuildFile; fileRef = 9B1C62A62774959700B73A5F /* Catch.swift */; };
		9B1C62A92774965700B73A5F /* TableViewCell.swift in Sources */ = {isa = PBXBuildFile; fileRef = 9B1C62A82774965700B73A5F /* TableViewCell.swift */; };
		9B1C62AB2774967300B73A5F /* CollectionViewCell.swift in Sources */ = {isa = PBXBuildFile; fileRef = 9B1C62AA2774967300B73A5F /* CollectionViewCell.swift */; };
		9B1C62AD2774982F00B73A5F /* Pinext.swift in Sources */ = {isa = PBXBuildFile; fileRef = 9B1C62AC2774982F00B73A5F /* Pinext.swift */; };
		9B1C62AF2774983D00B73A5F /* Picext.swift in Sources */ = {isa = PBXBuildFile; fileRef = 9B1C62AE2774983D00B73A5F /* Picext.swift */; };
		9B1C62B1277498A700B73A5F /* paint.swift in Sources */ = {isa = PBXBuildFile; fileRef = 9B1C62B0277498A700B73A5F /* paint.swift */; };
		9B1C62B52774F3BA00B73A5F /* Network Monitor.swift in Sources */ = {isa = PBXBuildFile; fileRef = 9B1C62B42774F3BA00B73A5F /* Network Monitor.swift */; };
		9BD90DC5277490FC005DBF15 /* AppDelegate.swift in Sources */ = {isa = PBXBuildFile; fileRef = 9BD90DC4277490FC005DBF15 /* AppDelegate.swift */; };
		9BD90DC7277490FC005DBF15 /* SceneDelegate.swift in Sources */ = {isa = PBXBuildFile; fileRef = 9BD90DC6277490FC005DBF15 /* SceneDelegate.swift */; };
		9BD90DC9277490FC005DBF15 /* PinViewController.swift in Sources */ = {isa = PBXBuildFile; fileRef = 9BD90DC8277490FC005DBF15 /* PinViewController.swift */; };
		9BD90DCC277490FC005DBF15 /* Main.storyboard in Resources */ = {isa = PBXBuildFile; fileRef = 9BD90DCA277490FC005DBF15 /* Main.storyboard */; };
		9BD90DCE277490FE005DBF15 /* Assets.xcassets in Resources */ = {isa = PBXBuildFile; fileRef = 9BD90DCD277490FE005DBF15 /* Assets.xcassets */; };
		9BD90DD1277490FE005DBF15 /* LaunchScreen.storyboard in Resources */ = {isa = PBXBuildFile; fileRef = 9BD90DCF277490FE005DBF15 /* LaunchScreen.storyboard */; };
/* End PBXBuildFile section */

/* Begin PBXFileReference section */
		9B1C628F277494C100B73A5F /* SportsListViewController.swift */ = {isa = PBXFileReference; lastKnownFileType = sourcecode.swift; path = SportsListViewController.swift; sourceTree = "<group>"; };
		9B1C6291277494CC00B73A5F /* InfoViewController.swift */ = {isa = PBXFileReference; lastKnownFileType = sourcecode.swift; path = InfoViewController.swift; sourceTree = "<group>"; };
		9B1C6293277494DA00B73A5F /* ListViewController.swift */ = {isa = PBXFileReference; lastKnownFileType = sourcecode.swift; path = ListViewController.swift; sourceTree = "<group>"; };
		9B1C6295277494E900B73A5F /* PopularViewController.swift */ = {isa = PBXFileReference; lastKnownFileType = sourcecode.swift; path = PopularViewController.swift; sourceTree = "<group>"; };
		9B1C6297277494F700B73A5F /* LaunchViewController.swift */ = {isa = PBXFileReference; lastKnownFileType = sourcecode.swift; path = LaunchViewController.swift; sourceTree = "<group>"; };
		9B1C62992774950D00B73A5F /* SportsArray.swift */ = {isa = PBXFileReference; lastKnownFileType = sourcecode.swift; path = SportsArray.swift; sourceTree = "<group>"; };
		9B1C629C2774951B00B73A5F /* FanGo.xcdatamodel */ = {isa = PBXFileReference; lastKnownFileType = wrapper.xcdatamodel; path = FanGo.xcdatamodel; sourceTree = "<group>"; };
		9B1C629E2774953B00B73A5F /* InfoController.swift */ = {isa = PBXFileReference; lastKnownFileType = sourcecode.swift; path = InfoController.swift; sourceTree = "<group>"; };
		9B1C62A02774954800B73A5F /* Coredata.swift */ = {isa = PBXFileReference; lastKnownFileType = sourcecode.swift; path = Coredata.swift; sourceTree = "<group>"; };
		9B1C62A22774955500B73A5F /* ClientInfo.swift */ = {isa = PBXFileReference; lastKnownFileType = sourcecode.swift; path = ClientInfo.swift; sourceTree = "<group>"; };
		9B1C62A42774958800B73A5F /* SportsRespones.swift */ = {isa = PBXFileReference; lastKnownFileType = sourcecode.swift; path = SportsRespones.swift; sourceTree = "<group>"; };
		9B1C62A62774959700B73A5F /* Catch.swift */ = {isa = PBXFileReference; lastKnownFileType = sourcecode.swift; path = Catch.swift; sourceTree = "<group>"; };
		9B1C62A82774965700B73A5F /* TableViewCell.swift */ = {isa = PBXFileReference; lastKnownFileType = sourcecode.swift; path = TableViewCell.swift; sourceTree = "<group>"; };
		9B1C62AA2774967300B73A5F /* CollectionViewCell.swift */ = {isa = PBXFileReference; lastKnownFileType = sourcecode.swift; path = CollectionViewCell.swift; sourceTree = "<group>"; };
		9B1C62AC2774982F00B73A5F /* Pinext.swift */ = {isa = PBXFileReference; lastKnownFileType = sourcecode.swift; path = Pinext.swift; sourceTree = "<group>"; };
		9B1C62AE2774983D00B73A5F /* Picext.swift */ = {isa = PBXFileReference; lastKnownFileType = sourcecode.swift; path = Picext.swift; sourceTree = "<group>"; };
		9B1C62B0277498A700B73A5F /* paint.swift */ = {isa = PBXFileReference; lastKnownFileType = sourcecode.swift; path = paint.swift; sourceTree = "<group>"; };
		9B1C62B42774F3BA00B73A5F /* Network Monitor.swift */ = {isa = PBXFileReference; fileEncoding = 4; lastKnownFileType = sourcecode.swift; path = "Network Monitor.swift"; sourceTree = "<group>"; };
		9BD90DC1277490FC005DBF15 /* Sports2.app */ = {isa = PBXFileReference; explicitFileType = wrapper.application; includeInIndex = 0; path = Sports2.app; sourceTree = BUILT_PRODUCTS_DIR; };
		9BD90DC4277490FC005DBF15 /* AppDelegate.swift */ = {isa = PBXFileReference; lastKnownFileType = sourcecode.swift; path = AppDelegate.swift; sourceTree = "<group>"; };
		9BD90DC6277490FC005DBF15 /* SceneDelegate.swift */ = {isa = PBXFileReference; lastKnownFileType = sourcecode.swift; path = SceneDelegate.swift; sourceTree = "<group>"; };
		9BD90DC8277490FC005DBF15 /* PinViewController.swift */ = {isa = PBXFileReference; lastKnownFileType = sourcecode.swift; path = PinViewController.swift; sourceTree = "<group>"; };
		9BD90DCB277490FC005DBF15 /* Base */ = {isa = PBXFileReference; lastKnownFileType = file.storyboard; name = Base; path = Base.lproj/Main.storyboard; sourceTree = "<group>"; };
		9BD90DCD277490FE005DBF15 /* Assets.xcassets */ = {isa = PBXFileReference; lastKnownFileType = folder.assetcatalog; path = Assets.xcassets; sourceTree = "<group>"; };
		9BD90DD0277490FE005DBF15 /* Base */ = {isa = PBXFileReference; lastKnownFileType = file.storyboard; name = Base; path = Base.lproj/LaunchScreen.storyboard; sourceTree = "<group>"; };
		9BD90DD2277490FE005DBF15 /* Info.plist */ = {isa = PBXFileReference; lastKnownFileType = text.plist.xml; path = Info.plist; sourceTree = "<group>"; };
/* End PBXFileReference section */

/* Begin PBXFrameworksBuildPhase section */
		9BD90DBE277490FC005DBF15 /* Frameworks */ = {
			isa = PBXFrameworksBuildPhase;
			buildActionMask = 2147483647;
			files = (
			);
			runOnlyForDeploymentPostprocessing = 0;
		};
/* End PBXFrameworksBuildPhase section */

/* Begin PBXGroup section */
		9BD90DB8277490FC005DBF15 = {
			isa = PBXGroup;
			children = (
				9BD90DC3277490FC005DBF15 /* Sports2 */,
				9BD90DC2277490FC005DBF15 /* Products */,
			);
			sourceTree = "<group>";
		};
		9BD90DC2277490FC005DBF15 /* Products */ = {
			isa = PBXGroup;
			children = (
				9BD90DC1277490FC005DBF15 /* Sports2.app */,
			);
			name = Products;
			sourceTree = "<group>";
		};
		9BD90DC3277490FC005DBF15 /* Sports2 */ = {
			isa = PBXGroup;
			children = (
				9BD90DC4277490FC005DBF15 /* AppDelegate.swift */,
				9BD90DC6277490FC005DBF15 /* SceneDelegate.swift */,
				9B1C62B0277498A700B73A5F /* paint.swift */,
				9B1C62A82774965700B73A5F /* TableViewCell.swift */,
				9B1C62AA2774967300B73A5F /* CollectionViewCell.swift */,
				9B1C629E2774953B00B73A5F /* InfoController.swift */,
				9B1C62992774950D00B73A5F /* SportsArray.swift */,
				9B1C62A02774954800B73A5F /* Coredata.swift */,
				9B1C62A22774955500B73A5F /* ClientInfo.swift */,
				9B1C62A42774958800B73A5F /* SportsRespones.swift */,
				9B1C62A62774959700B73A5F /* Catch.swift */,
				9BD90DC8277490FC005DBF15 /* PinViewController.swift */,
				9B1C628F277494C100B73A5F /* SportsListViewController.swift */,
				9B1C6291277494CC00B73A5F /* InfoViewController.swift */,
				9B1C6293277494DA00B73A5F /* ListViewController.swift */,
				9B1C6295277494E900B73A5F /* PopularViewController.swift */,
				9B1C6297277494F700B73A5F /* LaunchViewController.swift */,
				9B1C62AC2774982F00B73A5F /* Pinext.swift */,
				9B1C62AE2774983D00B73A5F /* Picext.swift */,
				9B1C62B42774F3BA00B73A5F /* Network Monitor.swift */,
				9BD90DCA277490FC005DBF15 /* Main.storyboard */,
				9BD90DCD277490FE005DBF15 /* Assets.xcassets */,
				9BD90DCF277490FE005DBF15 /* LaunchScreen.storyboard */,
				9BD90DD2277490FE005DBF15 /* Info.plist */,
				9B1C629B2774951B00B73A5F /* FanGo.xcdatamodeld */,
			);
			path = Sports2;
			sourceTree = "<group>";
		};
/* End PBXGroup section */

/* Begin PBXNativeTarget section */
		9BD90DC0277490FC005DBF15 /* Sports2 */ = {
			isa = PBXNativeTarget;
			buildConfigurationList = 9BD90DD5277490FE005DBF15 /* Build configuration list for PBXNativeTarget "Sports2" */;
			buildPhases = (
				9BD90DBD277490FC005DBF15 /* Sources */,
				9BD90DBE277490FC005DBF15 /* Frameworks */,
				9BD90DBF277490FC005DBF15 /* Resources */,
			);
			buildRules = (
			);
			dependencies = (
			);
			name = Sports2;
			productName = Sports2;
			productReference = 9BD90DC1277490FC005DBF15 /* Sports2.app */;
			productType = "com.apple.product-type.application";
		};
/* End PBXNativeTarget section */

/* Begin PBXProject section */
		9BD90DB9277490FC005DBF15 /* Project object */ = {
			isa = PBXProject;
			attributes = {
				BuildIndependentTargetsInParallel = 1;
				LastSwiftUpdateCheck = 1320;
				LastUpgradeCheck = 1320;
				TargetAttributes = {
					9BD90DC0277490FC005DBF15 = {
						CreatedOnToolsVersion = 13.2.1;
					};
				};
			};
			buildConfigurationList = 9BD90DBC277490FC005DBF15 /* Build configuration list for PBXProject "Sports2" */;
			compatibilityVersion = "Xcode 13.0";
			developmentRegion = en;
			hasScannedForEncodings = 0;
			knownRegions = (
				en,
				Base,
			);
			mainGroup = 9BD90DB8277490FC005DBF15;
			productRefGroup = 9BD90DC2277490FC005DBF15 /* Products */;
			projectDirPath = "";
			projectRoot = "";
			targets = (
				9BD90DC0277490FC005DBF15 /* Sports2 */,
			);
		};
/* End PBXProject section */

/* Begin PBXResourcesBuildPhase section */
		9BD90DBF277490FC005DBF15 /* Resources */ = {
			isa = PBXResourcesBuildPhase;
			buildActionMask = 2147483647;
			files = (
				9BD90DD1277490FE005DBF15 /* LaunchScreen.storyboard in Resources */,
				9BD90DCE277490FE005DBF15 /* Assets.xcassets in Resources */,
				9BD90DCC277490FC005DBF15 /* Main.storyboard in Resources */,
			);
			runOnlyForDeploymentPostprocessing = 0;
		};
/* End PBXResourcesBuildPhase section */

/* Begin PBXSourcesBuildPhase section */
		9BD90DBD277490FC005DBF15 /* Sources */ = {
			isa = PBXSourcesBuildPhase;
			buildActionMask = 2147483647;
			files = (
				9BD90DC9277490FC005DBF15 /* PinViewController.swift in Sources */,
				9B1C62A92774965700B73A5F /* TableViewCell.swift in Sources */,
				9B1C62AB2774967300B73A5F /* CollectionViewCell.swift in Sources */,
				9B1C62AD2774982F00B73A5F /* Pinext.swift in Sources */,
				9BD90DC5277490FC005DBF15 /* AppDelegate.swift in Sources */,
				9B1C6294277494DA00B73A5F /* ListViewController.swift in Sources */,
				9BD90DC7277490FC005DBF15 /* SceneDelegate.swift in Sources */,
				9B1C62A72774959700B73A5F /* Catch.swift in Sources */,
				9B1C62B52774F3BA00B73A5F /* Network Monitor.swift in Sources */,
				9B1C6296277494E900B73A5F /* PopularViewController.swift in Sources */,
				9B1C62AF2774983D00B73A5F /* Picext.swift in Sources */,
				9B1C629D2774951B00B73A5F /* FanGo.xcdatamodeld in Sources */,
				9B1C6290277494C100B73A5F /* SportsListViewController.swift in Sources */,
				9B1C62A52774958800B73A5F /* SportsRespones.swift in Sources */,
				9B1C62A32774955500B73A5F /* ClientInfo.swift in Sources */,
				9B1C6292277494CC00B73A5F /* InfoViewController.swift in Sources */,
				9B1C62B1277498A700B73A5F /* paint.swift in Sources */,
				9B1C62A12774954800B73A5F /* Coredata.swift in Sources */,
				9B1C6298277494F700B73A5F /* LaunchViewController.swift in Sources */,
				9B1C629F2774953B00B73A5F /* InfoController.swift in Sources */,
				9B1C629A2774950D00B73A5F /* SportsArray.swift in Sources */,
			);
			runOnlyForDeploymentPostprocessing = 0;
		};
/* End PBXSourcesBuildPhase section */

/* Begin PBXVariantGroup section */
		9BD90DCA277490FC005DBF15 /* Main.storyboard */ = {
			isa = PBXVariantGroup;
			children = (
				9BD90DCB277490FC005DBF15 /* Base */,
			);
			name = Main.storyboard;
			sourceTree = "<group>";
		};
		9BD90DCF277490FE005DBF15 /* LaunchScreen.storyboard */ = {
			isa = PBXVariantGroup;
			children = (
				9BD90DD0277490FE005DBF15 /* Base */,
			);
			name = LaunchScreen.storyboard;
			sourceTree = "<group>";
		};
/* End PBXVariantGroup section */

/* Begin XCBuildConfiguration section */
		9BD90DD3277490FE005DBF15 /* Debug */ = {
			isa = XCBuildConfiguration;
			buildSettings = {
				ALWAYS_SEARCH_USER_PATHS = NO;
				CLANG_ANALYZER_NONNULL = YES;
				CLANG_ANALYZER_NUMBER_OBJECT_CONVERSION = YES_AGGRESSIVE;
				CLANG_CXX_LANGUAGE_STANDARD = "gnu++17";
				CLANG_CXX_LIBRARY = "libc++";
				CLANG_ENABLE_MODULES = YES;
				CLANG_ENABLE_OBJC_ARC = YES;
				CLANG_ENABLE_OBJC_WEAK = YES;
				CLANG_WARN_BLOCK_CAPTURE_AUTORELEASING = YES;
				CLANG_WARN_BOOL_CONVERSION = YES;
				CLANG_WARN_COMMA = YES;
				CLANG_WARN_CONSTANT_CONVERSION = YES;
				CLANG_WARN_DEPRECATED_OBJC_IMPLEMENTATIONS = YES;
				CLANG_WARN_DIRECT_OBJC_ISA_USAGE = YES_ERROR;
				CLANG_WARN_DOCUMENTATION_COMMENTS = YES;
				CLANG_WARN_EMPTY_BODY = YES;
				CLANG_WARN_ENUM_CONVERSION = YES;
				CLANG_WARN_INFINITE_RECURSION = YES;
				CLANG_WARN_INT_CONVERSION = YES;
				CLANG_WARN_NON_LITERAL_NULL_CONVERSION = YES;
				CLANG_WARN_OBJC_IMPLICIT_RETAIN_SELF = YES;
				CLANG_WARN_OBJC_LITERAL_CONVERSION = YES;
				CLANG_WARN_OBJC_ROOT_CLASS = YES_ERROR;
				CLANG_WARN_QUOTED_INCLUDE_IN_FRAMEWORK_HEADER = YES;
				CLANG_WARN_RANGE_LOOP_ANALYSIS = YES;
				CLANG_WARN_STRICT_PROTOTYPES = YES;
				CLANG_WARN_SUSPICIOUS_MOVE = YES;
				CLANG_WARN_UNGUARDED_AVAILABILITY = YES_AGGRESSIVE;
				CLANG_WARN_UNREACHABLE_CODE = YES;
				CLANG_WARN__DUPLICATE_METHOD_MATCH = YES;
				COPY_PHASE_STRIP = NO;
				DEBUG_INFORMATION_FORMAT = dwarf;
				ENABLE_STRICT_OBJC_MSGSEND = YES;
				ENABLE_TESTABILITY = YES;
				GCC_C_LANGUAGE_STANDARD = gnu11;
				GCC_DYNAMIC_NO_PIC = NO;
				GCC_NO_COMMON_BLOCKS = YES;
				GCC_OPTIMIZATION_LEVEL = 0;
				GCC_PREPROCESSOR_DEFINITIONS = (
					"DEBUG=1",
					"$(inherited)",
				);
				GCC_WARN_64_TO_32_BIT_CONVERSION = YES;
				GCC_WARN_ABOUT_RETURN_TYPE = YES_ERROR;
				GCC_WARN_UNDECLARED_SELECTOR = YES;
				GCC_WARN_UNINITIALIZED_AUTOS = YES_AGGRESSIVE;
				GCC_WARN_UNUSED_FUNCTION = YES;
				GCC_WARN_UNUSED_VARIABLE = YES;
				IPHONEOS_DEPLOYMENT_TARGET = 15.2;
				MTL_ENABLE_DEBUG_INFO = INCLUDE_SOURCE;
				MTL_FAST_MATH = YES;
				ONLY_ACTIVE_ARCH = YES;
				SDKROOT = iphoneos;
				SWIFT_ACTIVE_COMPILATION_CONDITIONS = DEBUG;
				SWIFT_OPTIMIZATION_LEVEL = "-Onone";
			};
			name = Debug;
		};
		9BD90DD4277490FE005DBF15 /* Release */ = {
			isa = XCBuildConfiguration;
			buildSettings = {
				ALWAYS_SEARCH_USER_PATHS = NO;
				CLANG_ANALYZER_NONNULL = YES;
				CLANG_ANALYZER_NUMBER_OBJECT_CONVERSION = YES_AGGRESSIVE;
				CLANG_CXX_LANGUAGE_STANDARD = "gnu++17";
				CLANG_CXX_LIBRARY = "libc++";
				CLANG_ENABLE_MODULES = YES;
				CLANG_ENABLE_OBJC_ARC = YES;
				CLANG_ENABLE_OBJC_WEAK = YES;
				CLANG_WARN_BLOCK_CAPTURE_AUTORELEASING = YES;
				CLANG_WARN_BOOL_CONVERSION = YES;
				CLANG_WARN_COMMA = YES;
				CLANG_WARN_CONSTANT_CONVERSION = YES;
				CLANG_WARN_DEPRECATED_OBJC_IMPLEMENTATIONS = YES;
				CLANG_WARN_DIRECT_OBJC_ISA_USAGE = YES_ERROR;
				CLANG_WARN_DOCUMENTATION_COMMENTS = YES;
				CLANG_WARN_EMPTY_BODY = YES;
				CLANG_WARN_ENUM_CONVERSION = YES;
				CLANG_WARN_INFINITE_RECURSION = YES;
				CLANG_WARN_INT_CONVERSION = YES;
				CLANG_WARN_NON_LITERAL_NULL_CONVERSION = YES;
				CLANG_WARN_OBJC_IMPLICIT_RETAIN_SELF = YES;
				CLANG_WARN_OBJC_LITERAL_CONVERSION = YES;
				CLANG_WARN_OBJC_ROOT_CLASS = YES_ERROR;
				CLANG_WARN_QUOTED_INCLUDE_IN_FRAMEWORK_HEADER = YES;
				CLANG_WARN_RANGE_LOOP_ANALYSIS = YES;
				CLANG_WARN_STRICT_PROTOTYPES = YES;
				CLANG_WARN_SUSPICIOUS_MOVE = YES;
				CLANG_WARN_UNGUARDED_AVAILABILITY = YES_AGGRESSIVE;
				CLANG_WARN_UNREACHABLE_CODE = YES;
				CLANG_WARN__DUPLICATE_METHOD_MATCH = YES;
				COPY_PHASE_STRIP = NO;
				DEBUG_INFORMATION_FORMAT = "dwarf-with-dsym";
				ENABLE_NS_ASSERTIONS = NO;
				ENABLE_STRICT_OBJC_MSGSEND = YES;
				GCC_C_LANGUAGE_STANDARD = gnu11;
				GCC_NO_COMMON_BLOCKS = YES;
				GCC_WARN_64_TO_32_BIT_CONVERSION = YES;
				GCC_WARN_ABOUT_RETURN_TYPE = YES_ERROR;
				GCC_WARN_UNDECLARED_SELECTOR = YES;
				GCC_WARN_UNINITIALIZED_AUTOS = YES_AGGRESSIVE;
				GCC_WARN_UNUSED_FUNCTION = YES;
				GCC_WARN_UNUSED_VARIABLE = YES;
				IPHONEOS_DEPLOYMENT_TARGET = 15.2;
				MTL_ENABLE_DEBUG_INFO = NO;
				MTL_FAST_MATH = YES;
				SDKROOT = iphoneos;
				SWIFT_COMPILATION_MODE = wholemodule;
				SWIFT_OPTIMIZATION_LEVEL = "-O";
				VALIDATE_PRODUCT = YES;
			};
			name = Release;
		};
		9BD90DD6277490FE005DBF15 /* Debug */ = {
			isa = XCBuildConfiguration;
			buildSettings = {
				ASSETCATALOG_COMPILER_APPICON_NAME = AppIcon;
				ASSETCATALOG_COMPILER_GLOBAL_ACCENT_COLOR_NAME = AccentColor;
				CODE_SIGN_STYLE = Automatic;
				CURRENT_PROJECT_VERSION = 1;
				DEVELOPMENT_TEAM = R68HB9UCHP;
				GENERATE_INFOPLIST_FILE = YES;
				INFOPLIST_FILE = Sports2/Info.plist;
				INFOPLIST_KEY_UIApplicationSupportsIndirectInputEvents = YES;
				INFOPLIST_KEY_UILaunchStoryboardName = LaunchScreen;
				INFOPLIST_KEY_UIMainStoryboardFile = Main;
				INFOPLIST_KEY_UISupportedInterfaceOrientations_iPad = "UIInterfaceOrientationPortrait UIInterfaceOrientationPortraitUpsideDown UIInterfaceOrientationLandscapeLeft UIInterfaceOrientationLandscapeRight";
				INFOPLIST_KEY_UISupportedInterfaceOrientations_iPhone = "UIInterfaceOrientationPortrait UIInterfaceOrientationLandscapeLeft UIInterfaceOrientationLandscapeRight";
				LD_RUNPATH_SEARCH_PATHS = (
					"$(inherited)",
					"@executable_path/Frameworks",
				);
				MARKETING_VERSION = 1.0;
				PRODUCT_BUNDLE_IDENTIFIER = apple.Sports2;
				PRODUCT_NAME = "$(TARGET_NAME)";
				SWIFT_EMIT_LOC_STRINGS = YES;
				SWIFT_VERSION = 5.0;
				TARGETED_DEVICE_FAMILY = "1,2";
			};
			name = Debug;
		};
		9BD90DD7277490FE005DBF15 /* Release */ = {
			isa = XCBuildConfiguration;
			buildSettings = {
				ASSETCATALOG_COMPILER_APPICON_NAME = AppIcon;
				ASSETCATALOG_COMPILER_GLOBAL_ACCENT_COLOR_NAME = AccentColor;
				CODE_SIGN_STYLE = Automatic;
				CURRENT_PROJECT_VERSION = 1;
				DEVELOPMENT_TEAM = R68HB9UCHP;
				GENERATE_INFOPLIST_FILE = YES;
				INFOPLIST_FILE = Sports2/Info.plist;
				INFOPLIST_KEY_UIApplicationSupportsIndirectInputEvents = YES;
				INFOPLIST_KEY_UILaunchStoryboardName = LaunchScreen;
				INFOPLIST_KEY_UIMainStoryboardFile = Main;
				INFOPLIST_KEY_UISupportedInterfaceOrientations_iPad = "UIInterfaceOrientationPortrait UIInterfaceOrientationPortraitUpsideDown UIInterfaceOrientationLandscapeLeft UIInterfaceOrientationLandscapeRight";
				INFOPLIST_KEY_UISupportedInterfaceOrientations_iPhone = "UIInterfaceOrientationPortrait UIInterfaceOrientationLandscapeLeft UIInterfaceOrientationLandscapeRight";
				LD_RUNPATH_SEARCH_PATHS = (
					"$(inherited)",
					"@executable_path/Frameworks",
				);
				MARKETING_VERSION = 1.0;
				PRODUCT_BUNDLE_IDENTIFIER = apple.Sports2;
				PRODUCT_NAME = "$(TARGET_NAME)";
				SWIFT_EMIT_LOC_STRINGS = YES;
				SWIFT_VERSION = 5.0;
				TARGETED_DEVICE_FAMILY = "1,2";
			};
			name = Release;
		};
/* End XCBuildConfiguration section */

/* Begin XCConfigurationList section */
		9BD90DBC277490FC005DBF15 /* Build configuration list for PBXProject "Sports2" */ = {
			isa = XCConfigurationList;
			buildConfigurations = (
				9BD90DD3277490FE005DBF15 /* Debug */,
				9BD90DD4277490FE005DBF15 /* Release */,
			);
			defaultConfigurationIsVisible = 0;
			defaultConfigurationName = Release;
		};
		9BD90DD5277490FE005DBF15 /* Build configuration list for PBXNativeTarget "Sports2" */ = {
			isa = XCConfigurationList;
			buildConfigurations = (
				9BD90DD6277490FE005DBF15 /* Debug */,
				9BD90DD7277490FE005DBF15 /* Release */,
			);
			defaultConfigurationIsVisible = 0;
			defaultConfigurationName = Release;
		};
/* End XCConfigurationList section */

/* Begin XCVersionGroup section */
		9B1C629B2774951B00B73A5F /* FanGo.xcdatamodeld */ = {
			isa = XCVersionGroup;
			children = (
				9B1C629C2774951B00B73A5F /* FanGo.xcdatamodel */,
			);
			currentVersion = 9B1C629C2774951B00B73A5F /* FanGo.xcdatamodel */;
			path = FanGo.xcdatamodeld;
			sourceTree = "<group>";
			versionGroupType = wrapper.xcdatamodel;
		};
/* End XCVersionGroup section */
	};
	rootObject = 9BD90DB9277490FC005DBF15 /* Project object */;
}
